
Microsoft Visual Studio Solution File, Format Version 12.00
# Visual Studio Version 17
VisualStudioVersion = 17.6.33723.286
MinimumVisualStudioVersion = 10.0.40219.1
Project("{FAE04EC0-301F-11D3-BF4B-00C04F79EFBC}") = "OperacionesBasicasMenu", "OperacionesBasicasMenu\OperacionesBasicasMenu.csproj", "{CE7FF2F5-6504-4EEC-A025-97126772050B}"
EndProject
Global
	GlobalSection(SolutionConfigurationPlatforms) = preSolution
		Debug|Any CPU = Debug|Any CPU
		Release|Any CPU = Release|Any CPU
	EndGlobalSection
	GlobalSection(ProjectConfigurationPlatforms) = postSolution
		{CE7FF2F5-6504-4EEC-A025-97126772050B}.Debug|Any CPU.ActiveCfg = Debug|Any CPU
		{CE7FF2F5-6504-4EEC-A025-97126772050B}.Debug|Any CPU.Build.0 = Debug|Any CPU
		{CE7FF2F5-6504-4EEC-A025-97126772050B}.Release|Any CPU.ActiveCfg = Release|Any CPU
		{CE7FF2F5-6504-4EEC-A025-97126772050B}.Release|Any CPU.Build.0 = Release|Any CPU
	EndGlobalSection
	GlobalSection(SolutionProperties) = preSolution
		HideSolutionNode = FALSE
	EndGlobalSection
	GlobalSection(ExtensibilityGlobals) = postSolution
		SolutionGuid = {F052B611-C8F2-4557-85FE-B1648DD59597}
	EndGlobalSection
EndGlobal
